// !$*UTF8*$!
{
	archiveVersion = 1;
	classes = {
	};
	objectVersion = 56;
	objects = {

/* Begin PBXBuildFile section */
		DA72297C29292BEF00876CAA /* Currency.swift in Sources */ = {isa = PBXBuildFile; fileRef = DA72297B29292BEF00876CAA /* Currency.swift */; };
		DAE5BC0F2928E44700EF2A96 /* AppDelegate.swift in Sources */ = {isa = PBXBuildFile; fileRef = DAE5BC0E2928E44700EF2A96 /* AppDelegate.swift */; };
		DAE5BC112928E44700EF2A96 /* SceneDelegate.swift in Sources */ = {isa = PBXBuildFile; fileRef = DAE5BC102928E44700EF2A96 /* SceneDelegate.swift */; };
		DAE5BC132928E44700EF2A96 /* MainVC.swift in Sources */ = {isa = PBXBuildFile; fileRef = DAE5BC122928E44700EF2A96 /* MainVC.swift */; };
		DAE5BC182928E44800EF2A96 /* Assets.xcassets in Resources */ = {isa = PBXBuildFile; fileRef = DAE5BC172928E44800EF2A96 /* Assets.xcassets */; };
		DAE5BC1B2928E44800EF2A96 /* LaunchScreen.storyboard in Resources */ = {isa = PBXBuildFile; fileRef = DAE5BC192928E44800EF2A96 /* LaunchScreen.storyboard */; };
		DAF33B08295CD4FA00349CE6 /* DetailCurrency.swift in Sources */ = {isa = PBXBuildFile; fileRef = DAF33B07295CD4FA00349CE6 /* DetailCurrency.swift */; };
		DAFD453A292947AD00A7616B /* CellInfoCurrency.swift in Sources */ = {isa = PBXBuildFile; fileRef = DAFD4539292947AD00A7616B /* CellInfoCurrency.swift */; };
		DAFD453C292947ED00A7616B /* Numbers.swift in Sources */ = {isa = PBXBuildFile; fileRef = DAFD453B292947ED00A7616B /* Numbers.swift */; };
/* End PBXBuildFile section */

/* Begin PBXFileReference section */
		DA72297B29292BEF00876CAA /* Currency.swift */ = {isa = PBXFileReference; lastKnownFileType = sourcecode.swift; path = Currency.swift; sourceTree = "<group>"; };
		DAE5BC0B2928E44700EF2A96 /* NBU API(Exchange Rates).app */ = {isa = PBXFileReference; explicitFileType = wrapper.application; includeInIndex = 0; path = "NBU API(Exchange Rates).app"; sourceTree = BUILT_PRODUCTS_DIR; };
		DAE5BC0E2928E44700EF2A96 /* AppDelegate.swift */ = {isa = PBXFileReference; lastKnownFileType = sourcecode.swift; path = AppDelegate.swift; sourceTree = "<group>"; };
		DAE5BC102928E44700EF2A96 /* SceneDelegate.swift */ = {isa = PBXFileReference; lastKnownFileType = sourcecode.swift; path = SceneDelegate.swift; sourceTree = "<group>"; };
		DAE5BC122928E44700EF2A96 /* MainVC.swift */ = {isa = PBXFileReference; lastKnownFileType = sourcecode.swift; path = MainVC.swift; sourceTree = "<group>"; };
		DAE5BC172928E44800EF2A96 /* Assets.xcassets */ = {isa = PBXFileReference; lastKnownFileType = folder.assetcatalog; path = Assets.xcassets; sourceTree = "<group>"; };
		DAE5BC1A2928E44800EF2A96 /* Base */ = {isa = PBXFileReference; lastKnownFileType = file.storyboard; name = Base; path = Base.lproj/LaunchScreen.storyboard; sourceTree = "<group>"; };
		DAE5BC1C2928E44800EF2A96 /* Info.plist */ = {isa = PBXFileReference; lastKnownFileType = text.plist.xml; path = Info.plist; sourceTree = "<group>"; };
		DAF33B07295CD4FA00349CE6 /* DetailCurrency.swift */ = {isa = PBXFileReference; lastKnownFileType = sourcecode.swift; path = DetailCurrency.swift; sourceTree = "<group>"; };
		DAFD4539292947AD00A7616B /* CellInfoCurrency.swift */ = {isa = PBXFileReference; fileEncoding = 4; lastKnownFileType = sourcecode.swift; path = CellInfoCurrency.swift; sourceTree = "<group>"; };
		DAFD453B292947ED00A7616B /* Numbers.swift */ = {isa = PBXFileReference; fileEncoding = 4; lastKnownFileType = sourcecode.swift; path = Numbers.swift; sourceTree = "<group>"; };
/* End PBXFileReference section */

/* Begin PBXFrameworksBuildPhase section */
		DAE5BC082928E44700EF2A96 /* Frameworks */ = {
			isa = PBXFrameworksBuildPhase;
			buildActionMask = 2147483647;
			files = (
			);
			runOnlyForDeploymentPostprocessing = 0;
		};
/* End PBXFrameworksBuildPhase section */

/* Begin PBXGroup section */
		DAD0B316295C48E50000F89E /* Models */ = {
			isa = PBXGroup;
			children = (
				DA72297B29292BEF00876CAA /* Currency.swift */,
				DAFD4539292947AD00A7616B /* CellInfoCurrency.swift */,
			);
			path = Models;
			sourceTree = "<group>";
		};
		DAD0B317295C48EF0000F89E /* Views */ = {
			isa = PBXGroup;
			children = (
				DAF33B07295CD4FA00349CE6 /* DetailCurrency.swift */,
			);
			path = Views;
			sourceTree = "<group>";
		};
		DAD0B318295C4A500000F89E /* Controllers */ = {
			isa = PBXGroup;
			children = (
				DAE5BC122928E44700EF2A96 /* MainVC.swift */,
			);
			path = Controllers;
			sourceTree = "<group>";
		};
		DAE5BC022928E44700EF2A96 = {
			isa = PBXGroup;
			children = (
				DAE5BC0D2928E44700EF2A96 /* NBU API(Exchange Rates) */,
				DAE5BC0C2928E44700EF2A96 /* Products */,
			);
			sourceTree = "<group>";
		};
		DAE5BC0C2928E44700EF2A96 /* Products */ = {
			isa = PBXGroup;
			children = (
				DAE5BC0B2928E44700EF2A96 /* NBU API(Exchange Rates).app */,
			);
			name = Products;
			sourceTree = "<group>";
		};
		DAE5BC0D2928E44700EF2A96 /* NBU API(Exchange Rates) */ = {
			isa = PBXGroup;
			children = (
				DAD0B318295C4A500000F89E /* Controllers */,
				DAD0B317295C48EF0000F89E /* Views */,
				DAD0B316295C48E50000F89E /* Models */,
				DAE5BC0E2928E44700EF2A96 /* AppDelegate.swift */,
				DAE5BC102928E44700EF2A96 /* SceneDelegate.swift */,
				DAFD453B292947ED00A7616B /* Numbers.swift */,
				DAE5BC172928E44800EF2A96 /* Assets.xcassets */,
				DAE5BC192928E44800EF2A96 /* LaunchScreen.storyboard */,
				DAE5BC1C2928E44800EF2A96 /* Info.plist */,
			);
			path = "NBU API(Exchange Rates)";
			sourceTree = "<group>";
		};
/* End PBXGroup section */

/* Begin PBXNativeTarget section */
		DAE5BC0A2928E44700EF2A96 /* NBU API(Exchange Rates) */ = {
			isa = PBXNativeTarget;
			buildConfigurationList = DAE5BC1F2928E44800EF2A96 /* Build configuration list for PBXNativeTarget "NBU API(Exchange Rates)" */;
			buildPhases = (
				DAE5BC072928E44700EF2A96 /* Sources */,
				DAE5BC082928E44700EF2A96 /* Frameworks */,
				DAE5BC092928E44700EF2A96 /* Resources */,
			);
			buildRules = (
			);
			dependencies = (
			);
			name = "NBU API(Exchange Rates)";
			productName = "NBU API(Exchange Rates)";
			productReference = DAE5BC0B2928E44700EF2A96 /* NBU API(Exchange Rates).app */;
			productType = "com.apple.product-type.application";
		};
/* End PBXNativeTarget section */

/* Begin PBXProject section */
		DAE5BC032928E44700EF2A96 /* Project object */ = {
			isa = PBXProject;
			attributes = {
				BuildIndependentTargetsInParallel = 1;
				LastSwiftUpdateCheck = 1410;
				LastUpgradeCheck = 1410;
				TargetAttributes = {
					DAE5BC0A2928E44700EF2A96 = {
						CreatedOnToolsVersion = 14.1;
					};
				};
			};
			buildConfigurationList = DAE5BC062928E44700EF2A96 /* Build configuration list for PBXProject "NBU API(Exchange Rates)" */;
			compatibilityVersion = "Xcode 14.0";
			developmentRegion = en;
			hasScannedForEncodings = 0;
			knownRegions = (
				en,
				Base,
			);
			mainGroup = DAE5BC022928E44700EF2A96;
			productRefGroup = DAE5BC0C2928E44700EF2A96 /* Products */;
			projectDirPath = "";
			projectRoot = "";
			targets = (
				DAE5BC0A2928E44700EF2A96 /* NBU API(Exchange Rates) */,
			);
		};
/* End PBXProject section */

/* Begin PBXResourcesBuildPhase section */
		DAE5BC092928E44700EF2A96 /* Resources */ = {
			isa = PBXResourcesBuildPhase;
			buildActionMask = 2147483647;
			files = (
				DAE5BC1B2928E44800EF2A96 /* LaunchScreen.storyboard in Resources */,
				DAE5BC182928E44800EF2A96 /* Assets.xcassets in Resources */,
			);
			runOnlyForDeploymentPostprocessing = 0;
		};
/* End PBXResourcesBuildPhase section */

/* Begin PBXSourcesBuildPhase section */
		DAE5BC072928E44700EF2A96 /* Sources */ = {
			isa = PBXSourcesBuildPhase;
			buildActionMask = 2147483647;
			files = (
				DAFD453A292947AD00A7616B /* CellInfoCurrency.swift in Sources */,
				DA72297C29292BEF00876CAA /* Currency.swift in Sources */,
				DAFD453C292947ED00A7616B /* Numbers.swift in Sources */,
				DAE5BC132928E44700EF2A96 /* MainVC.swift in Sources */,
				DAE5BC0F2928E44700EF2A96 /* AppDelegate.swift in Sources */,
				DAE5BC112928E44700EF2A96 /* SceneDelegate.swift in Sources */,
				DAF33B08295CD4FA00349CE6 /* DetailCurrency.swift in Sources */,
			);
			runOnlyForDeploymentPostprocessing = 0;
		};
/* End PBXSourcesBuildPhase section */

/* Begin PBXVariantGroup section */
		DAE5BC192928E44800EF2A96 /* LaunchScreen.storyboard */ = {
			isa = PBXVariantGroup;
			children = (
				DAE5BC1A2928E44800EF2A96 /* Base */,
			);
			name = LaunchScreen.storyboard;
			sourceTree = "<group>";
		};
/* End PBXVariantGroup section */

/* Begin XCBuildConfiguration section */
		DAE5BC1D2928E44800EF2A96 /* Debug */ = {
			isa = XCBuildConfiguration;
			buildSettings = {
				ALWAYS_SEARCH_USER_PATHS = NO;
				CLANG_ANALYZER_NONNULL = YES;
				CLANG_ANALYZER_NUMBER_OBJECT_CONVERSION = YES_AGGRESSIVE;
				CLANG_CXX_LANGUAGE_STANDARD = "gnu++20";
				CLANG_ENABLE_MODULES = YES;
				CLANG_ENABLE_OBJC_ARC = YES;
				CLANG_ENABLE_OBJC_WEAK = YES;
				CLANG_WARN_BLOCK_CAPTURE_AUTORELEASING = YES;
				CLANG_WARN_BOOL_CONVERSION = YES;
				CLANG_WARN_COMMA = YES;
				CLANG_WARN_CONSTANT_CONVERSION = YES;
				CLANG_WARN_DEPRECATED_OBJC_IMPLEMENTATIONS = YES;
				CLANG_WARN_DIRECT_OBJC_ISA_USAGE = YES_ERROR;
				CLANG_WARN_DOCUMENTATION_COMMENTS = YES;
				CLANG_WARN_EMPTY_BODY = YES;
				CLANG_WARN_ENUM_CONVERSION = YES;
				CLANG_WARN_INFINITE_RECURSION = YES;
				CLANG_WARN_INT_CONVERSION = YES;
				CLANG_WARN_NON_LITERAL_NULL_CONVERSION = YES;
				CLANG_WARN_OBJC_IMPLICIT_RETAIN_SELF = YES;
				CLANG_WARN_OBJC_LITERAL_CONVERSION = YES;
				CLANG_WARN_OBJC_ROOT_CLASS = YES_ERROR;
				CLANG_WARN_QUOTED_INCLUDE_IN_FRAMEWORK_HEADER = YES;
				CLANG_WARN_RANGE_LOOP_ANALYSIS = YES;
				CLANG_WARN_STRICT_PROTOTYPES = YES;
				CLANG_WARN_SUSPICIOUS_MOVE = YES;
				CLANG_WARN_UNGUARDED_AVAILABILITY = YES_AGGRESSIVE;
				CLANG_WARN_UNREACHABLE_CODE = YES;
				CLANG_WARN__DUPLICATE_METHOD_MATCH = YES;
				COPY_PHASE_STRIP = NO;
				DEBUG_INFORMATION_FORMAT = dwarf;
				ENABLE_STRICT_OBJC_MSGSEND = YES;
				ENABLE_TESTABILITY = YES;
				GCC_C_LANGUAGE_STANDARD = gnu11;
				GCC_DYNAMIC_NO_PIC = NO;
				GCC_NO_COMMON_BLOCKS = YES;
				GCC_OPTIMIZATION_LEVEL = 0;
				GCC_PREPROCESSOR_DEFINITIONS = (
					"DEBUG=1",
					"$(inherited)",
				);
				GCC_WARN_64_TO_32_BIT_CONVERSION = YES;
				GCC_WARN_ABOUT_RETURN_TYPE = YES_ERROR;
				GCC_WARN_UNDECLARED_SELECTOR = YES;
				GCC_WARN_UNINITIALIZED_AUTOS = YES_AGGRESSIVE;
				GCC_WARN_UNUSED_FUNCTION = YES;
				GCC_WARN_UNUSED_VARIABLE = YES;
				IPHONEOS_DEPLOYMENT_TARGET = 16.1;
				MTL_ENABLE_DEBUG_INFO = INCLUDE_SOURCE;
				MTL_FAST_MATH = YES;
				ONLY_ACTIVE_ARCH = YES;
				SDKROOT = iphoneos;
				SWIFT_ACTIVE_COMPILATION_CONDITIONS = DEBUG;
				SWIFT_OPTIMIZATION_LEVEL = "-Onone";
			};
			name = Debug;
		};
		DAE5BC1E2928E44800EF2A96 /* Release */ = {
			isa = XCBuildConfiguration;
			buildSettings = {
				ALWAYS_SEARCH_USER_PATHS = NO;
				CLANG_ANALYZER_NONNULL = YES;
				CLANG_ANALYZER_NUMBER_OBJECT_CONVERSION = YES_AGGRESSIVE;
				CLANG_CXX_LANGUAGE_STANDARD = "gnu++20";
				CLANG_ENABLE_MODULES = YES;
				CLANG_ENABLE_OBJC_ARC = YES;
				CLANG_ENABLE_OBJC_WEAK = YES;
				CLANG_WARN_BLOCK_CAPTURE_AUTORELEASING = YES;
				CLANG_WARN_BOOL_CONVERSION = YES;
				CLANG_WARN_COMMA = YES;
				CLANG_WARN_CONSTANT_CONVERSION = YES;
				CLANG_WARN_DEPRECATED_OBJC_IMPLEMENTATIONS = YES;
				CLANG_WARN_DIRECT_OBJC_ISA_USAGE = YES_ERROR;
				CLANG_WARN_DOCUMENTATION_COMMENTS = YES;
				CLANG_WARN_EMPTY_BODY = YES;
				CLANG_WARN_ENUM_CONVERSION = YES;
				CLANG_WARN_INFINITE_RECURSION = YES;
				CLANG_WARN_INT_CONVERSION = YES;
				CLANG_WARN_NON_LITERAL_NULL_CONVERSION = YES;
				CLANG_WARN_OBJC_IMPLICIT_RETAIN_SELF = YES;
				CLANG_WARN_OBJC_LITERAL_CONVERSION = YES;
				CLANG_WARN_OBJC_ROOT_CLASS = YES_ERROR;
				CLANG_WARN_QUOTED_INCLUDE_IN_FRAMEWORK_HEADER = YES;
				CLANG_WARN_RANGE_LOOP_ANALYSIS = YES;
				CLANG_WARN_STRICT_PROTOTYPES = YES;
				CLANG_WARN_SUSPICIOUS_MOVE = YES;
				CLANG_WARN_UNGUARDED_AVAILABILITY = YES_AGGRESSIVE;
				CLANG_WARN_UNREACHABLE_CODE = YES;
				CLANG_WARN__DUPLICATE_METHOD_MATCH = YES;
				COPY_PHASE_STRIP = NO;
				DEBUG_INFORMATION_FORMAT = "dwarf-with-dsym";
				ENABLE_NS_ASSERTIONS = NO;
				ENABLE_STRICT_OBJC_MSGSEND = YES;
				GCC_C_LANGUAGE_STANDARD = gnu11;
				GCC_NO_COMMON_BLOCKS = YES;
				GCC_WARN_64_TO_32_BIT_CONVERSION = YES;
				GCC_WARN_ABOUT_RETURN_TYPE = YES_ERROR;
				GCC_WARN_UNDECLARED_SELECTOR = YES;
				GCC_WARN_UNINITIALIZED_AUTOS = YES_AGGRESSIVE;
				GCC_WARN_UNUSED_FUNCTION = YES;
				GCC_WARN_UNUSED_VARIABLE = YES;
				IPHONEOS_DEPLOYMENT_TARGET = 16.1;
				MTL_ENABLE_DEBUG_INFO = NO;
				MTL_FAST_MATH = YES;
				SDKROOT = iphoneos;
				SWIFT_COMPILATION_MODE = wholemodule;
				SWIFT_OPTIMIZATION_LEVEL = "-O";
				VALIDATE_PRODUCT = YES;
			};
			name = Release;
		};
		DAE5BC202928E44800EF2A96 /* Debug */ = {
			isa = XCBuildConfiguration;
			buildSettings = {
				ASSETCATALOG_COMPILER_APPICON_NAME = AppIcon;
				ASSETCATALOG_COMPILER_GLOBAL_ACCENT_COLOR_NAME = AccentColor;
				CODE_SIGN_STYLE = Automatic;
				CURRENT_PROJECT_VERSION = 1;
				DEVELOPMENT_TEAM = KGL996KWM9;
				GENERATE_INFOPLIST_FILE = YES;
				INFOPLIST_FILE = "NBU API(Exchange Rates)/Info.plist";
				INFOPLIST_KEY_UIApplicationSupportsIndirectInputEvents = YES;
				INFOPLIST_KEY_UILaunchStoryboardName = LaunchScreen;
				INFOPLIST_KEY_UIStatusBarStyle = "";
				INFOPLIST_KEY_UISupportedInterfaceOrientations_iPad = "UIInterfaceOrientationPortrait UIInterfaceOrientationPortraitUpsideDown UIInterfaceOrientationLandscapeLeft UIInterfaceOrientationLandscapeRight";
				INFOPLIST_KEY_UISupportedInterfaceOrientations_iPhone = "UIInterfaceOrientationPortrait UIInterfaceOrientationLandscapeLeft UIInterfaceOrientationLandscapeRight";
				LD_RUNPATH_SEARCH_PATHS = (
					"$(inherited)",
					"@executable_path/Frameworks",
				);
				MARKETING_VERSION = 1.0;
				PRODUCT_BUNDLE_IDENTIFIER = "polis..UIKit.NBU-API-Exchange-Rates-";
				PRODUCT_NAME = "$(TARGET_NAME)";
				SWIFT_EMIT_LOC_STRINGS = YES;
				SWIFT_VERSION = 5.0;
				TARGETED_DEVICE_FAMILY = "1,2";
			};
			name = Debug;
		};
		DAE5BC212928E44800EF2A96 /* Release */ = {
			isa = XCBuildConfiguration;
			buildSettings = {
				ASSETCATALOG_COMPILER_APPICON_NAME = AppIcon;
				ASSETCATALOG_COMPILER_GLOBAL_ACCENT_COLOR_NAME = AccentColor;
				CODE_SIGN_STYLE = Automatic;
				CURRENT_PROJECT_VERSION = 1;
				DEVELOPMENT_TEAM = KGL996KWM9;
				GENERATE_INFOPLIST_FILE = YES;
				INFOPLIST_FILE = "NBU API(Exchange Rates)/Info.plist";
				INFOPLIST_KEY_UIApplicationSupportsIndirectInputEvents = YES;
				INFOPLIST_KEY_UILaunchStoryboardName = LaunchScreen;
				INFOPLIST_KEY_UIStatusBarStyle = "";
				INFOPLIST_KEY_UISupportedInterfaceOrientations_iPad = "UIInterfaceOrientationPortrait UIInterfaceOrientationPortraitUpsideDown UIInterfaceOrientationLandscapeLeft UIInterfaceOrientationLandscapeRight";
				INFOPLIST_KEY_UISupportedInterfaceOrientations_iPhone = "UIInterfaceOrientationPortrait UIInterfaceOrientationLandscapeLeft UIInterfaceOrientationLandscapeRight";
				LD_RUNPATH_SEARCH_PATHS = (
					"$(inherited)",
					"@executable_path/Frameworks",
				);
				MARKETING_VERSION = 1.0;
				PRODUCT_BUNDLE_IDENTIFIER = "polis..UIKit.NBU-API-Exchange-Rates-";
				PRODUCT_NAME = "$(TARGET_NAME)";
				SWIFT_EMIT_LOC_STRINGS = YES;
				SWIFT_VERSION = 5.0;
				TARGETED_DEVICE_FAMILY = "1,2";
			};
			name = Release;
		};
/* End XCBuildConfiguration section */

/* Begin XCConfigurationList section */
		DAE5BC062928E44700EF2A96 /* Build configuration list for PBXProject "NBU API(Exchange Rates)" */ = {
			isa = XCConfigurationList;
			buildConfigurations = (
				DAE5BC1D2928E44800EF2A96 /* Debug */,
				DAE5BC1E2928E44800EF2A96 /* Release */,
			);
			defaultConfigurationIsVisible = 0;
			defaultConfigurationName = Release;
		};
		DAE5BC1F2928E44800EF2A96 /* Build configuration list for PBXNativeTarget "NBU API(Exchange Rates)" */ = {
			isa = XCConfigurationList;
			buildConfigurations = (
				DAE5BC202928E44800EF2A96 /* Debug */,
				DAE5BC212928E44800EF2A96 /* Release */,
			);
			defaultConfigurationIsVisible = 0;
			defaultConfigurationName = Release;
		};
/* End XCConfigurationList section */
	};
	rootObject = DAE5BC032928E44700EF2A96 /* Project object */;
}
